
Microsoft Visual Studio Solution File, Format Version 12.00
# Visual Studio Version 17
VisualStudioVersion = 17.3.32929.385
MinimumVisualStudioVersion = 10.0.40219.1
Project("{FAE04EC0-301F-11D3-BF4B-00C04F79EFBC}") = "ScreenVideo", "ScreenVideo\ScreenVideo.csproj", "{B6A19A7A-DA4F-4F36-AB68-DF3ABA8899AD}"
EndProject
Project("{FAE04EC0-301F-11D3-BF4B-00C04F79EFBC}") = "ConsoleAppForScreenVideo", "ConsoleAppForScreenVideo\ConsoleAppForScreenVideo.csproj", "{9822BD97-4CC5-436C-88E0-787AF7E47ED2}"
EndProject
Global
	GlobalSection(SolutionConfigurationPlatforms) = preSolution
		Debug|Any CPU = Debug|Any CPU
		Release|Any CPU = Release|Any CPU
	EndGlobalSection
	GlobalSection(ProjectConfigurationPlatforms) = postSolution
		{B6A19A7A-DA4F-4F36-AB68-DF3ABA8899AD}.Debug|Any CPU.ActiveCfg = Debug|Any CPU
		{B6A19A7A-DA4F-4F36-AB68-DF3ABA8899AD}.Debug|Any CPU.Build.0 = Debug|Any CPU
		{B6A19A7A-DA4F-4F36-AB68-DF3ABA8899AD}.Release|Any CPU.ActiveCfg = Release|Any CPU
		{B6A19A7A-DA4F-4F36-AB68-DF3ABA8899AD}.Release|Any CPU.Build.0 = Release|Any CPU
		{9822BD97-4CC5-436C-88E0-787AF7E47ED2}.Debug|Any CPU.ActiveCfg = Debug|Any CPU
		{9822BD97-4CC5-436C-88E0-787AF7E47ED2}.Debug|Any CPU.Build.0 = Debug|Any CPU
		{9822BD97-4CC5-436C-88E0-787AF7E47ED2}.Release|Any CPU.ActiveCfg = Release|Any CPU
		{9822BD97-4CC5-436C-88E0-787AF7E47ED2}.Release|Any CPU.Build.0 = Release|Any CPU
	EndGlobalSection
	GlobalSection(SolutionProperties) = preSolution
		HideSolutionNode = FALSE
	EndGlobalSection
	GlobalSection(ExtensibilityGlobals) = postSolution
		SolutionGuid = {E3881BFB-0F75-4904-9D78-528168D56B20}
	EndGlobalSection
EndGlobal
